
Microsoft Visual Studio Solution File, Format Version 12.00
# Visual Studio Version 17
VisualStudioVersion = 17.7.34031.279
MinimumVisualStudioVersion = 10.0.40219.1
Project("{FAE04EC0-301F-11D3-BF4B-00C04F79EFBC}") = "Date_Formatting", "Date_Formatting\Date_Formatting.csproj", "{0612F44D-C1A2-4EA3-AE4C-3D5CD0F0A575}"
EndProject
Global
	GlobalSection(SolutionConfigurationPlatforms) = preSolution
		Debug|Any CPU = Debug|Any CPU
		Release|Any CPU = Release|Any CPU
	EndGlobalSection
	GlobalSection(ProjectConfigurationPlatforms) = postSolution
		{0612F44D-C1A2-4EA3-AE4C-3D5CD0F0A575}.Debug|Any CPU.ActiveCfg = Debug|Any CPU
		{0612F44D-C1A2-4EA3-AE4C-3D5CD0F0A575}.Debug|Any CPU.Build.0 = Debug|Any CPU
		{0612F44D-C1A2-4EA3-AE4C-3D5CD0F0A575}.Release|Any CPU.ActiveCfg = Release|Any CPU
		{0612F44D-C1A2-4EA3-AE4C-3D5CD0F0A575}.Release|Any CPU.Build.0 = Release|Any CPU
	EndGlobalSection
	GlobalSection(SolutionProperties) = preSolution
		HideSolutionNode = FALSE
	EndGlobalSection
	GlobalSection(ExtensibilityGlobals) = postSolution
		SolutionGuid = {B9447860-1434-4DDF-B0AC-C21EA4BCB46C}
	EndGlobalSection
EndGlobal
